
Microsoft Visual Studio Solution File, Format Version 12.00
# Visual Studio Version 17
VisualStudioVersion = 17.1.32210.238
MinimumVisualStudioVersion = 10.0.40219.1
Project("{FAE04EC0-301F-11D3-BF4B-00C04F79EFBC}") = "ClassLibrary1", "src\ClassLibrary1\ClassLibrary1.csproj", "{C281167F-F75C-484B-BD7C-5F60E51C5A45}"
EndProject
Project("{FAE04EC0-301F-11D3-BF4B-00C04F79EFBC}") = "ClassLibrary2", "src\ClassLibrary2\ClassLibrary2.csproj", "{3CCC3905-C944-4FD0-A1F8-EB86D1DEE4A3}"
EndProject
Global
	GlobalSection(SolutionConfigurationPlatforms) = preSolution
		Debug|Any CPU = Debug|Any CPU
		Release|Any CPU = Release|Any CPU
	EndGlobalSection
	GlobalSection(ProjectConfigurationPlatforms) = postSolution
		{C281167F-F75C-484B-BD7C-5F60E51C5A45}.Debug|Any CPU.ActiveCfg = Debug|Any CPU
		{C281167F-F75C-484B-BD7C-5F60E51C5A45}.Debug|Any CPU.Build.0 = Debug|Any CPU
		{C281167F-F75C-484B-BD7C-5F60E51C5A45}.Release|Any CPU.ActiveCfg = Release|Any CPU
		{C281167F-F75C-484B-BD7C-5F60E51C5A45}.Release|Any CPU.Build.0 = Release|Any CPU
		{3CCC3905-C944-4FD0-A1F8-EB86D1DEE4A3}.Debug|Any CPU.ActiveCfg = Debug|Any CPU
		{3CCC3905-C944-4FD0-A1F8-EB86D1DEE4A3}.Debug|Any CPU.Build.0 = Debug|Any CPU
		{3CCC3905-C944-4FD0-A1F8-EB86D1DEE4A3}.Release|Any CPU.ActiveCfg = Release|Any CPU
		{3CCC3905-C944-4FD0-A1F8-EB86D1DEE4A3}.Release|Any CPU.Build.0 = Release|Any CPU
	EndGlobalSection
	GlobalSection(SolutionProperties) = preSolution
		HideSolutionNode = FALSE
	EndGlobalSection
	GlobalSection(ExtensibilityGlobals) = postSolution
		SolutionGuid = {B6EE6116-9661-4802-A6E8-CC90F10A3358}
	EndGlobalSection
EndGlobal
